Microsoft Visual Studio Solution File, Format Version 12.00
# Visual Studio Version 17
VisualStudioVersion = 17.2.32526.322
MinimumVisualStudioVersion = 15.0.26124.0
Project("{2150E333-8FDC-42A3-9474-1A3956D46DE8}") = "Repo", "Repo", "{9E5831CD-6490-4374-8502-825AB423A8B7}"
	ProjectSection(SolutionItems) = preProject
		.gitignore = .gitignore
		LICENSE = LICENSE
		README.md = README.md
	EndProjectSection
EndProject
Project("{2150E333-8FDC-42A3-9474-1A3956D46DE8}") = "CI", "CI", "{8C3BD3D9-5F7E-4622-80E3-45BF5190320E}"
	ProjectSection(SolutionItems) = preProject
		.github\workflows\master.yml = .github\workflows\master.yml
	EndProjectSection
EndProject
Project("{9A19103F-16F7-4668-BE54-9A1E7A4F7556}") = "PrivateNamespaces", "src\PrivateNamespaces.csproj", "{04BE1707-4235-44E6-AB58-48621D5160D3}"
EndProject
Project("{C7167F0D-BC9F-4E6E-AFE1-012C56B48DB5}") = "AppContainerTest (Package)", "AppContainerTest\AppContainerTest (Package)\AppContainerTest (Package).wapproj", "{ACE7C503-878E-4C66-8B62-33ED3830F31A}"
EndProject
Project("{9A19103F-16F7-4668-BE54-9A1E7A4F7556}") = "AppContainerTest", "AppContainerTest\AppContainerTest\AppContainerTest.csproj", "{347230A6-4574-45E6-9A1E-CB58500DA241}"
EndProject
Project("{2150E333-8FDC-42A3-9474-1A3956D46DE8}") = "TestTools", "TestTools", "{2634B09A-A931-41E1-BD62-3CA1DA04B1E0}"
EndProject
Project("{9A19103F-16F7-4668-BE54-9A1E7A4F7556}") = "OutsideProcess", "test\tools\OutsideProcess\OutsideProcess.csproj", "{FD261AE7-7338-4456-8E73-1F1ADD7F8AAF}"
EndProject
Project("{9A19103F-16F7-4668-BE54-9A1E7A4F7556}") = "Tests", "test\unit\Tests.csproj", "{925258E3-623B-4EA0-8509-D50F912A58AD}"
EndProject
Global
	GlobalSection(SolutionConfigurationPlatforms) = preSolution
		Debug|Any CPU = Debug|Any CPU
		Debug|ARM64 = Debug|ARM64
		Debug|x64 = Debug|x64
		Debug|x86 = Debug|x86
		Release|Any CPU = Release|Any CPU
		Release|ARM64 = Release|ARM64
		Release|x64 = Release|x64
		Release|x86 = Release|x86
	EndGlobalSection
	GlobalSection(ProjectConfigurationPlatforms) = postSolution
		{04BE1707-4235-44E6-AB58-48621D5160D3}.Debug|Any CPU.ActiveCfg = Debug|Any CPU
		{04BE1707-4235-44E6-AB58-48621D5160D3}.Debug|Any CPU.Build.0 = Debug|Any CPU
		{04BE1707-4235-44E6-AB58-48621D5160D3}.Debug|ARM64.ActiveCfg = Debug|Any CPU
		{04BE1707-4235-44E6-AB58-48621D5160D3}.Debug|ARM64.Build.0 = Debug|Any CPU
		{04BE1707-4235-44E6-AB58-48621D5160D3}.Debug|x64.ActiveCfg = Debug|Any CPU
		{04BE1707-4235-44E6-AB58-48621D5160D3}.Debug|x64.Build.0 = Debug|Any CPU
		{04BE1707-4235-44E6-AB58-48621D5160D3}.Debug|x86.ActiveCfg = Debug|Any CPU
		{04BE1707-4235-44E6-AB58-48621D5160D3}.Debug|x86.Build.0 = Debug|Any CPU
		{04BE1707-4235-44E6-AB58-48621D5160D3}.Release|Any CPU.ActiveCfg = Release|Any CPU
		{04BE1707-4235-44E6-AB58-48621D5160D3}.Release|Any CPU.Build.0 = Release|Any CPU
		{04BE1707-4235-44E6-AB58-48621D5160D3}.Release|ARM64.ActiveCfg = Release|Any CPU
		{04BE1707-4235-44E6-AB58-48621D5160D3}.Release|ARM64.Build.0 = Release|Any CPU
		{04BE1707-4235-44E6-AB58-48621D5160D3}.Release|x64.ActiveCfg = Release|Any CPU
		{04BE1707-4235-44E6-AB58-48621D5160D3}.Release|x64.Build.0 = Release|Any CPU
		{04BE1707-4235-44E6-AB58-48621D5160D3}.Release|x86.ActiveCfg = Release|Any CPU
		{04BE1707-4235-44E6-AB58-48621D5160D3}.Release|x86.Build.0 = Release|Any CPU
		{ACE7C503-878E-4C66-8B62-33ED3830F31A}.Debug|Any CPU.ActiveCfg = Debug|x64
		{ACE7C503-878E-4C66-8B62-33ED3830F31A}.Debug|Any CPU.Build.0 = Debug|x64
		{ACE7C503-878E-4C66-8B62-33ED3830F31A}.Debug|Any CPU.Deploy.0 = Debug|x64
		{ACE7C503-878E-4C66-8B62-33ED3830F31A}.Debug|ARM64.ActiveCfg = Debug|ARM64
		{ACE7C503-878E-4C66-8B62-33ED3830F31A}.Debug|ARM64.Build.0 = Debug|ARM64
		{ACE7C503-878E-4C66-8B62-33ED3830F31A}.Debug|ARM64.Deploy.0 = Debug|ARM64
		{ACE7C503-878E-4C66-8B62-33ED3830F31A}.Debug|x64.ActiveCfg = Debug|x64
		{ACE7C503-878E-4C66-8B62-33ED3830F31A}.Debug|x64.Build.0 = Debug|x64
		{ACE7C503-878E-4C66-8B62-33ED3830F31A}.Debug|x64.Deploy.0 = Debug|x64
		{ACE7C503-878E-4C66-8B62-33ED3830F31A}.Debug|x86.ActiveCfg = Debug|x86
		{ACE7C503-878E-4C66-8B62-33ED3830F31A}.Debug|x86.Build.0 = Debug|x86
		{ACE7C503-878E-4C66-8B62-33ED3830F31A}.Debug|x86.Deploy.0 = Debug|x86
		{ACE7C503-878E-4C66-8B62-33ED3830F31A}.Release|Any CPU.ActiveCfg = Release|x64
		{ACE7C503-878E-4C66-8B62-33ED3830F31A}.Release|Any CPU.Build.0 = Release|x64
		{ACE7C503-878E-4C66-8B62-33ED3830F31A}.Release|Any CPU.Deploy.0 = Release|x64
		{ACE7C503-878E-4C66-8B62-33ED3830F31A}.Release|ARM64.ActiveCfg = Release|ARM64
		{ACE7C503-878E-4C66-8B62-33ED3830F31A}.Release|ARM64.Build.0 = Release|ARM64
		{ACE7C503-878E-4C66-8B62-33ED3830F31A}.Release|ARM64.Deploy.0 = Release|ARM64
		{ACE7C503-878E-4C66-8B62-33ED3830F31A}.Release|x64.ActiveCfg = Release|x64
		{ACE7C503-878E-4C66-8B62-33ED3830F31A}.Release|x64.Build.0 = Release|x64
		{ACE7C503-878E-4C66-8B62-33ED3830F31A}.Release|x64.Deploy.0 = Release|x64
		{ACE7C503-878E-4C66-8B62-33ED3830F31A}.Release|x86.ActiveCfg = Release|x86
		{ACE7C503-878E-4C66-8B62-33ED3830F31A}.Release|x86.Build.0 = Release|x86
		{ACE7C503-878E-4C66-8B62-33ED3830F31A}.Release|x86.Deploy.0 = Release|x86
		{347230A6-4574-45E6-9A1E-CB58500DA241}.Debug|Any CPU.ActiveCfg = Debug|x64
		{347230A6-4574-45E6-9A1E-CB58500DA241}.Debug|Any CPU.Build.0 = Debug|x64
		{347230A6-4574-45E6-9A1E-CB58500DA241}.Debug|ARM64.ActiveCfg = Debug|ARM64
		{347230A6-4574-45E6-9A1E-CB58500DA241}.Debug|ARM64.Build.0 = Debug|ARM64
		{347230A6-4574-45E6-9A1E-CB58500DA241}.Debug|x64.ActiveCfg = Debug|x64
		{347230A6-4574-45E6-9A1E-CB58500DA241}.Debug|x64.Build.0 = Debug|x64
		{347230A6-4574-45E6-9A1E-CB58500DA241}.Debug|x86.ActiveCfg = Debug|x86
		{347230A6-4574-45E6-9A1E-CB58500DA241}.Debug|x86.Build.0 = Debug|x86
		{347230A6-4574-45E6-9A1E-CB58500DA241}.Release|Any CPU.ActiveCfg = Release|x64
		{347230A6-4574-45E6-9A1E-CB58500DA241}.Release|Any CPU.Build.0 = Release|x64
		{347230A6-4574-45E6-9A1E-CB58500DA241}.Release|ARM64.ActiveCfg = Release|ARM64
		{347230A6-4574-45E6-9A1E-CB58500DA241}.Release|ARM64.Build.0 = Release|ARM64
		{347230A6-4574-45E6-9A1E-CB58500DA241}.Release|x64.ActiveCfg = Release|x64
		{347230A6-4574-45E6-9A1E-CB58500DA241}.Release|x64.Build.0 = Release|x64
		{347230A6-4574-45E6-9A1E-CB58500DA241}.Release|x86.ActiveCfg = Release|x86
		{347230A6-4574-45E6-9A1E-CB58500DA241}.Release|x86.Build.0 = Release|x86
		{FD261AE7-7338-4456-8E73-1F1ADD7F8AAF}.Debug|Any CPU.ActiveCfg = Debug|Any CPU
		{FD261AE7-7338-4456-8E73-1F1ADD7F8AAF}.Debug|Any CPU.Build.0 = Debug|Any CPU
		{FD261AE7-7338-4456-8E73-1F1ADD7F8AAF}.Debug|ARM64.ActiveCfg = Debug|Any CPU
		{FD261AE7-7338-4456-8E73-1F1ADD7F8AAF}.Debug|ARM64.Build.0 = Debug|Any CPU
		{FD261AE7-7338-4456-8E73-1F1ADD7F8AAF}.Debug|x64.ActiveCfg = Debug|Any CPU
		{FD261AE7-7338-4456-8E73-1F1ADD7F8AAF}.Debug|x64.Build.0 = Debug|Any CPU
		{FD261AE7-7338-4456-8E73-1F1ADD7F8AAF}.Debug|x86.ActiveCfg = Debug|Any CPU
		{FD261AE7-7338-4456-8E73-1F1ADD7F8AAF}.Debug|x86.Build.0 = Debug|Any CPU
		{FD261AE7-7338-4456-8E73-1F1ADD7F8AAF}.Release|Any CPU.ActiveCfg = Release|Any CPU
		{FD261AE7-7338-4456-8E73-1F1ADD7F8AAF}.Release|Any CPU.Build.0 = Release|Any CPU
		{FD261AE7-7338-4456-8E73-1F1ADD7F8AAF}.Release|ARM64.ActiveCfg = Release|Any CPU
		{FD261AE7-7338-4456-8E73-1F1ADD7F8AAF}.Release|ARM64.Build.0 = Release|Any CPU
		{FD261AE7-7338-4456-8E73-1F1ADD7F8AAF}.Release|x64.ActiveCfg = Release|Any CPU
		{FD261AE7-7338-4456-8E73-1F1ADD7F8AAF}.Release|x64.Build.0 = Release|Any CPU
		{FD261AE7-7338-4456-8E73-1F1ADD7F8AAF}.Release|x86.ActiveCfg = Release|Any CPU
		{FD261AE7-7338-4456-8E73-1F1ADD7F8AAF}.Release|x86.Build.0 = Release|Any CPU
		{925258E3-623B-4EA0-8509-D50F912A58AD}.Debug|Any CPU.ActiveCfg = Debug|Any CPU
		{925258E3-623B-4EA0-8509-D50F912A58AD}.Debug|Any CPU.Build.0 = Debug|Any CPU
		{925258E3-623B-4EA0-8509-D50F912A58AD}.Debug|ARM64.ActiveCfg = Debug|Any CPU
		{925258E3-623B-4EA0-8509-D50F912A58AD}.Debug|ARM64.Build.0 = Debug|Any CPU
		{925258E3-623B-4EA0-8509-D50F912A58AD}.Debug|x64.ActiveCfg = Debug|Any CPU
		{925258E3-623B-4EA0-8509-D50F912A58AD}.Debug|x64.Build.0 = Debug|Any CPU
		{925258E3-623B-4EA0-8509-D50F912A58AD}.Debug|x86.ActiveCfg = Debug|Any CPU
		{925258E3-623B-4EA0-8509-D50F912A58AD}.Debug|x86.Build.0 = Debug|Any CPU
		{925258E3-623B-4EA0-8509-D50F912A58AD}.Release|Any CPU.ActiveCfg = Release|Any CPU
		{925258E3-623B-4EA0-8509-D50F912A58AD}.Release|Any CPU.Build.0 = Release|Any CPU
		{925258E3-623B-4EA0-8509-D50F912A58AD}.Release|ARM64.ActiveCfg = Release|Any CPU
		{925258E3-623B-4EA0-8509-D50F912A58AD}.Release|ARM64.Build.0 = Release|Any CPU
		{925258E3-623B-4EA0-8509-D50F912A58AD}.Release|x64.ActiveCfg = Release|Any CPU
		{925258E3-623B-4EA0-8509-D50F912A58AD}.Release|x64.Build.0 = Release|Any CPU
		{925258E3-623B-4EA0-8509-D50F912A58AD}.Release|x86.ActiveCfg = Release|Any CPU
		{925258E3-623B-4EA0-8509-D50F912A58AD}.Release|x86.Build.0 = Release|Any CPU
	EndGlobalSection
	GlobalSection(SolutionProperties) = preSolution
		HideSolutionNode = FALSE
	EndGlobalSection
	GlobalSection(NestedProjects) = preSolution
		{FD261AE7-7338-4456-8E73-1F1ADD7F8AAF} = {2634B09A-A931-41E1-BD62-3CA1DA04B1E0}
	EndGlobalSection
	GlobalSection(ExtensibilityGlobals) = postSolution
		SolutionGuid = {4D804A23-81D4-4FE4-9ADE-1110371610D4}
	EndGlobalSection
EndGlobal
